
Microsoft Visual Studio Solution File, Format Version 12.00
# Visual Studio Version 16
VisualStudioVersion = 16.0.29613.14
MinimumVisualStudioVersion = 10.0.40219.1
Project("{2150E333-8FDC-42A3-9474-1A3956D46DE8}") = ".nuget", ".nuget", "{FBB7CF4D-1E4F-44E6-A421-8C132E47C2AB}"
	ProjectSection(SolutionItems) = preProject
		.nuget\packages.config = .nuget\packages.config
	EndProjectSection
EndProject
Project("{FAE04EC0-301F-11D3-BF4B-00C04F79EFBC}") = "AthelHR", "AthelHR\AthelHR.csproj", "{BE7F483B-74E9-4B5F-8D80-A3022F6D59AB}"
EndProject
Global
	GlobalSection(SolutionConfigurationPlatforms) = preSolution
		Debug|Any CPU = Debug|Any CPU
		Release|Any CPU = Release|Any CPU
	EndGlobalSection
	GlobalSection(ProjectConfigurationPlatforms) = postSolution
		{BE7F483B-74E9-4B5F-8D80-A3022F6D59AB}.Debug|Any CPU.ActiveCfg = Debug|Any CPU
		{BE7F483B-74E9-4B5F-8D80-A3022F6D59AB}.Debug|Any CPU.Build.0 = Debug|Any CPU
		{BE7F483B-74E9-4B5F-8D80-A3022F6D59AB}.Release|Any CPU.ActiveCfg = Release|Any CPU
		{BE7F483B-74E9-4B5F-8D80-A3022F6D59AB}.Release|Any CPU.Build.0 = Release|Any CPU
	EndGlobalSection
	GlobalSection(SolutionProperties) = preSolution
		HideSolutionNode = FALSE
	EndGlobalSection
	GlobalSection(ExtensibilityGlobals) = postSolution
		SolutionGuid = {7BA12E77-AA9E-4DA7-861C-4EDBCA3CB4A2}
	EndGlobalSection
EndGlobal
